Microsoft Visual Studio Solution File, Format Version 8.00
Project("{8BC9CEB8-8B4A-11D0-8D11-00A0C91BC942}") = "Poseidon3D", "Poseidon3D.vcproj", "{B883ABB8-EED7-4BAD-85C0-F261B2F5641A}"
	ProjectSection(ProjectDependencies) = postProject
	EndProjectSection
EndProject
Global
	GlobalSection(SolutionConfiguration) = preSolution
		Debug = Debug
		Release = Release
	EndGlobalSection
	GlobalSection(ProjectConfiguration) = postSolution
		{B883ABB8-EED7-4BAD-85C0-F261B2F5641A}.Debug.ActiveCfg = Debug|Win32
		{B883ABB8-EED7-4BAD-85C0-F261B2F5641A}.Debug.Build.0 = Debug|Win32
		{B883ABB8-EED7-4BAD-85C0-F261B2F5641A}.Release.ActiveCfg = Release|Win32
		{B883ABB8-EED7-4BAD-85C0-F261B2F5641A}.Release.Build.0 = Release|Win32
	EndGlobalSection
	GlobalSection(ExtensibilityGlobals) = postSolution
	EndGlobalSection
	GlobalSection(ExtensibilityAddIns) = postSolution
	EndGlobalSection
EndGlobal
